# THIS IS AN AUTOGENERATED FILE. DO NOT EDIT THIS FILE DIRECTLY.
# yarn lockfile v1


"@typeform/embed@^1.36.1":
  version "1.36.1"
  resolved "https://registry.yarnpkg.com/@typeform/embed/-/embed-1.36.1.tgz#43dddcacbfc0fbb7efbe0b73c4e6bcbb0e0bd353"
  integrity sha512-5Oll+EFT6UcU0oWA4n5ZwkXy+8KI4SwOIDMi3F8LMTEvoo4A7oeGtMi7MD2O+uuhgNTMcNFeBe6B8ovW83swAA==
